
Microsoft Visual Studio Solution File, Format Version 12.00
# Visual Studio 14
VisualStudioVersion = 14.0.25420.1
MinimumVisualStudioVersion = 10.0.40219.1
Project("{FAE04EC0-301F-11D3-BF4B-00C04F79EFBC}") = "TestADO", "TestADO\TestADO.csproj", "{A7323496-145A-4B89-BA82-9D95F355AC8E}"
EndProject
Project("{FAE04EC0-301F-11D3-BF4B-00C04F79EFBC}") = "ClassLibrary1", "ClassLibrary1\ClassLibrary1.csproj", "{4CB526D9-2C98-43C3-84E1-76B4B71625CE}"
EndProject
Global
	GlobalSection(SolutionConfigurationPlatforms) = preSolution
		Debug|Any CPU = Debug|Any CPU
		Release|Any CPU = Release|Any CPU
	EndGlobalSection
	GlobalSection(ProjectConfigurationPlatforms) = postSolution
		{A7323496-145A-4B89-BA82-9D95F355AC8E}.Debug|Any CPU.ActiveCfg = Debug|Any CPU
		{A7323496-145A-4B89-BA82-9D95F355AC8E}.Debug|Any CPU.Build.0 = Debug|Any CPU
		{A7323496-145A-4B89-BA82-9D95F355AC8E}.Release|Any CPU.ActiveCfg = Release|Any CPU
		{A7323496-145A-4B89-BA82-9D95F355AC8E}.Release|Any CPU.Build.0 = Release|Any CPU
		{4CB526D9-2C98-43C3-84E1-76B4B71625CE}.Debug|Any CPU.ActiveCfg = Debug|Any CPU
		{4CB526D9-2C98-43C3-84E1-76B4B71625CE}.Debug|Any CPU.Build.0 = Debug|Any CPU
		{4CB526D9-2C98-43C3-84E1-76B4B71625CE}.Release|Any CPU.ActiveCfg = Release|Any CPU
		{4CB526D9-2C98-43C3-84E1-76B4B71625CE}.Release|Any CPU.Build.0 = Release|Any CPU
	EndGlobalSection
	GlobalSection(SolutionProperties) = preSolution
		HideSolutionNode = FALSE
	EndGlobalSection
EndGlobal
