
Microsoft Visual Studio Solution File, Format Version 12.00
# Visual Studio 15
VisualStudioVersion = 15.0.28307.136
MinimumVisualStudioVersion = 10.0.40219.1
Project("{FAE04EC0-301F-11D3-BF4B-00C04F79EFBC}") = "Restaurant", "Restaurant\Restaurant.csproj", "{87B0741C-7820-4801-B955-260A556F0BAD}"
EndProject
Project("{FAE04EC0-301F-11D3-BF4B-00C04F79EFBC}") = "KitchenController", "KitchenController\KitchenController.csproj", "{7216ECAA-5854-414B-B339-F3792AC5398D}"
EndProject
Project("{FAE04EC0-301F-11D3-BF4B-00C04F79EFBC}") = "KitchenModel", "KitchenModel\KitchenModel.csproj", "{D6ECEA93-281C-443D-8100-96C3DBE468C8}"
EndProject
Project("{FAE04EC0-301F-11D3-BF4B-00C04F79EFBC}") = "KitchenView", "KitchenView\KitchenView.csproj", "{AF3AC714-B325-41AC-91B6-003C1C84E1C8}"
EndProject
Project("{FAE04EC0-301F-11D3-BF4B-00C04F79EFBC}") = "RoomModel", "RoomModel\RoomModel.csproj", "{F3C227B1-1F64-4C56-9025-277444292D24}"
EndProject
Project("{FAE04EC0-301F-11D3-BF4B-00C04F79EFBC}") = "RoomController", "RoomController\RoomController.csproj", "{D21E3287-3698-4B22-B4D0-85F8AF5134E2}"
EndProject
Project("{FAE04EC0-301F-11D3-BF4B-00C04F79EFBC}") = "Shared", "Shared\Shared.csproj", "{88B6220F-9B9F-44FF-AB32-C642699F9C26}"
EndProject
Project("{FAE04EC0-301F-11D3-BF4B-00C04F79EFBC}") = "RoomView2", "RoomView\RoomView2.csproj", "{0429ABA9-E88F-40CC-94E6-E5045DE91D12}"
EndProject
Global
	GlobalSection(SolutionConfigurationPlatforms) = preSolution
		Debug|Any CPU = Debug|Any CPU
		Release|Any CPU = Release|Any CPU
	EndGlobalSection
	GlobalSection(ProjectConfigurationPlatforms) = postSolution
		{87B0741C-7820-4801-B955-260A556F0BAD}.Debug|Any CPU.ActiveCfg = Debug|Any CPU
		{87B0741C-7820-4801-B955-260A556F0BAD}.Debug|Any CPU.Build.0 = Debug|Any CPU
		{87B0741C-7820-4801-B955-260A556F0BAD}.Release|Any CPU.ActiveCfg = Release|Any CPU
		{87B0741C-7820-4801-B955-260A556F0BAD}.Release|Any CPU.Build.0 = Release|Any CPU
		{7216ECAA-5854-414B-B339-F3792AC5398D}.Debug|Any CPU.ActiveCfg = Debug|Any CPU
		{7216ECAA-5854-414B-B339-F3792AC5398D}.Debug|Any CPU.Build.0 = Debug|Any CPU
		{7216ECAA-5854-414B-B339-F3792AC5398D}.Release|Any CPU.ActiveCfg = Release|Any CPU
		{7216ECAA-5854-414B-B339-F3792AC5398D}.Release|Any CPU.Build.0 = Release|Any CPU
		{D6ECEA93-281C-443D-8100-96C3DBE468C8}.Debug|Any CPU.ActiveCfg = Debug|Any CPU
		{D6ECEA93-281C-443D-8100-96C3DBE468C8}.Debug|Any CPU.Build.0 = Debug|Any CPU
		{D6ECEA93-281C-443D-8100-96C3DBE468C8}.Release|Any CPU.ActiveCfg = Release|Any CPU
		{D6ECEA93-281C-443D-8100-96C3DBE468C8}.Release|Any CPU.Build.0 = Release|Any CPU
		{AF3AC714-B325-41AC-91B6-003C1C84E1C8}.Debug|Any CPU.ActiveCfg = Debug|Any CPU
		{AF3AC714-B325-41AC-91B6-003C1C84E1C8}.Debug|Any CPU.Build.0 = Debug|Any CPU
		{AF3AC714-B325-41AC-91B6-003C1C84E1C8}.Release|Any CPU.ActiveCfg = Release|Any CPU
		{AF3AC714-B325-41AC-91B6-003C1C84E1C8}.Release|Any CPU.Build.0 = Release|Any CPU
		{F3C227B1-1F64-4C56-9025-277444292D24}.Debug|Any CPU.ActiveCfg = Debug|Any CPU
		{F3C227B1-1F64-4C56-9025-277444292D24}.Debug|Any CPU.Build.0 = Debug|Any CPU
		{F3C227B1-1F64-4C56-9025-277444292D24}.Release|Any CPU.ActiveCfg = Release|Any CPU
		{F3C227B1-1F64-4C56-9025-277444292D24}.Release|Any CPU.Build.0 = Release|Any CPU
		{D21E3287-3698-4B22-B4D0-85F8AF5134E2}.Debug|Any CPU.ActiveCfg = Debug|Any CPU
		{D21E3287-3698-4B22-B4D0-85F8AF5134E2}.Debug|Any CPU.Build.0 = Debug|Any CPU
		{D21E3287-3698-4B22-B4D0-85F8AF5134E2}.Release|Any CPU.ActiveCfg = Release|Any CPU
		{D21E3287-3698-4B22-B4D0-85F8AF5134E2}.Release|Any CPU.Build.0 = Release|Any CPU
		{88B6220F-9B9F-44FF-AB32-C642699F9C26}.Debug|Any CPU.ActiveCfg = Debug|Any CPU
		{88B6220F-9B9F-44FF-AB32-C642699F9C26}.Debug|Any CPU.Build.0 = Debug|Any CPU
		{88B6220F-9B9F-44FF-AB32-C642699F9C26}.Release|Any CPU.ActiveCfg = Release|Any CPU
		{88B6220F-9B9F-44FF-AB32-C642699F9C26}.Release|Any CPU.Build.0 = Release|Any CPU
		{0429ABA9-E88F-40CC-94E6-E5045DE91D12}.Debug|Any CPU.ActiveCfg = Debug|Any CPU
		{0429ABA9-E88F-40CC-94E6-E5045DE91D12}.Debug|Any CPU.Build.0 = Debug|Any CPU
		{0429ABA9-E88F-40CC-94E6-E5045DE91D12}.Release|Any CPU.ActiveCfg = Release|Any CPU
		{0429ABA9-E88F-40CC-94E6-E5045DE91D12}.Release|Any CPU.Build.0 = Release|Any CPU
	EndGlobalSection
	GlobalSection(SolutionProperties) = preSolution
		HideSolutionNode = FALSE
	EndGlobalSection
	GlobalSection(ExtensibilityGlobals) = postSolution
		SolutionGuid = {1703D781-32E1-499F-A537-8B6D79C33A7B}
	EndGlobalSection
EndGlobal
